// !$*UTF8*$!
{
	archiveVersion = 1;
	classes = {
	};
	objectVersion = 55;
	objects = {

/* Begin PBXBuildFile section */
		043C5CFF2A2117AE001FDA04 /* RecipeCell.swift in Sources */ = {isa = PBXBuildFile; fileRef = 043C5CFD2A2117AE001FDA04 /* RecipeCell.swift */; };
		043C5D002A2117AE001FDA04 /* RecipeCell.xib in Resources */ = {isa = PBXBuildFile; fileRef = 043C5CFE2A2117AE001FDA04 /* RecipeCell.xib */; };
		046B99242A21E08500DB407B /* DetailsTableViewCell.swift in Sources */ = {isa = PBXBuildFile; fileRef = 046B99222A21E08500DB407B /* DetailsTableViewCell.swift */; };
		046B99252A21E08500DB407B /* DetailsTableViewCell.xib in Resources */ = {isa = PBXBuildFile; fileRef = 046B99232A21E08500DB407B /* DetailsTableViewCell.xib */; };
		0E7592672A210253008231D6 /* Colors.xcassets in Resources */ = {isa = PBXBuildFile; fileRef = 0E7592662A210253008231D6 /* Colors.xcassets */; };
		0EC8E5CD2A211A4400A8EEB7 /* Observable.swift in Sources */ = {isa = PBXBuildFile; fileRef = 0EC8E5CC2A211A4400A8EEB7 /* Observable.swift */; };
		0EC8E5CF2A211D3E00A8EEB7 /* VIewStructs.swift in Sources */ = {isa = PBXBuildFile; fileRef = 0EC8E5CE2A211D3E00A8EEB7 /* VIewStructs.swift */; };
		760AE5F82A21E6A200BD6D36 /* Meal.xcdatamodeld in Sources */ = {isa = PBXBuildFile; fileRef = 760AE5F62A21E6A200BD6D36 /* Meal.xcdatamodeld */; };
		760AE5FA2A21EE9C00BD6D36 /* DataBaseManger.swift in Sources */ = {isa = PBXBuildFile; fileRef = 760AE5F92A21EE9C00BD6D36 /* DataBaseManger.swift */; };
		760AE5FC2A2202FE00BD6D36 /* Constant.swift in Sources */ = {isa = PBXBuildFile; fileRef = 760AE5FB2A2202FE00BD6D36 /* Constant.swift */; };
		762EA3862A20D022009730BB /* ViewController.swift in Sources */ = {isa = PBXBuildFile; fileRef = 762EA3852A20D022009730BB /* ViewController.swift */; };
		762EA38E2A20E2B1009730BB /* FoodCategoriesCollectionViewCell.xib in Resources */ = {isa = PBXBuildFile; fileRef = 762EA38C2A20E2B1009730BB /* FoodCategoriesCollectionViewCell.xib */; };
		762EA38F2A20E2B1009730BB /* FoodCategoriesCollectionViewCell.swift in Sources */ = {isa = PBXBuildFile; fileRef = 762EA38D2A20E2B1009730BB /* FoodCategoriesCollectionViewCell.swift */; };
		762EA3A42A20F05A009730BB /* FvaouritesViewModel.swift in Sources */ = {isa = PBXBuildFile; fileRef = 762EA3942A20F05A009730BB /* FvaouritesViewModel.swift */; };
		762EA3A52A20F05A009730BB /* FavouritesViewController.xib in Resources */ = {isa = PBXBuildFile; fileRef = 762EA3962A20F05A009730BB /* FavouritesViewController.xib */; };
		762EA3A62A20F05A009730BB /* FavouritesViewController.swift in Sources */ = {isa = PBXBuildFile; fileRef = 762EA3972A20F05A009730BB /* FavouritesViewController.swift */; };
		762EA3A72A20F05A009730BB /* HomeViewModel.swift in Sources */ = {isa = PBXBuildFile; fileRef = 762EA39D2A20F05A009730BB /* HomeViewModel.swift */; };
		762EA3A82A20F05A009730BB /* HomeViewController.xib in Resources */ = {isa = PBXBuildFile; fileRef = 762EA39F2A20F05A009730BB /* HomeViewController.xib */; };
		762EA3A92A20F05A009730BB /* HomeViewController.swift in Sources */ = {isa = PBXBuildFile; fileRef = 762EA3A02A20F05A009730BB /* HomeViewController.swift */; };
		762EA3AA2A20F05A009730BB /* HomeTabBar.swift in Sources */ = {isa = PBXBuildFile; fileRef = 762EA3A22A20F05A009730BB /* HomeTabBar.swift */; };
		762EA3AB2A20F05A009730BB /* HomeTabBar.xib in Resources */ = {isa = PBXBuildFile; fileRef = 762EA3A32A20F05A009730BB /* HomeTabBar.xib */; };
		762EA3B22A211736009730BB /* Recipe.swift in Sources */ = {isa = PBXBuildFile; fileRef = 762EA3B02A211736009730BB /* Recipe.swift */; };
		762EA3B32A211736009730BB /* Categories.swift in Sources */ = {isa = PBXBuildFile; fileRef = 762EA3B12A211736009730BB /* Categories.swift */; };
		762EA3B52A211767009730BB /* MealAPI.swift in Sources */ = {isa = PBXBuildFile; fileRef = 762EA3B42A211767009730BB /* MealAPI.swift */; };
		765CFD932A1EB22100944D81 /* AppDelegate.swift in Sources */ = {isa = PBXBuildFile; fileRef = 765CFD922A1EB22100944D81 /* AppDelegate.swift */; };
		765CFD952A1EB22100944D81 /* SceneDelegate.swift in Sources */ = {isa = PBXBuildFile; fileRef = 765CFD942A1EB22100944D81 /* SceneDelegate.swift */; };
		765CFD9C2A1EB22600944D81 /* Assets.xcassets in Resources */ = {isa = PBXBuildFile; fileRef = 765CFD9B2A1EB22600944D81 /* Assets.xcassets */; };
		765CFD9F2A1EB22600944D81 /* LaunchScreen.storyboard in Resources */ = {isa = PBXBuildFile; fileRef = 765CFD9D2A1EB22600944D81 /* LaunchScreen.storyboard */; };
		7698C9282A22103A00B928B1 /* DetailsViewModel.swift in Sources */ = {isa = PBXBuildFile; fileRef = 7698C9272A22103900B928B1 /* DetailsViewModel.swift */; };
		7698C92A2A222F7A00B928B1 /* FoodApiProtocol.swift in Sources */ = {isa = PBXBuildFile; fileRef = 7698C9292A222F7A00B928B1 /* FoodApiProtocol.swift */; };
		984D004392E6451BECADC08E /* Pods_iOS_workshop.framework in Frameworks */ = {isa = PBXBuildFile; fileRef = A9F58BA2446C75D237727A3C /* Pods_iOS_workshop.framework */; };
/* End PBXBuildFile section */

/* Begin PBXFileReference section */
		043C5CFD2A2117AE001FDA04 /* RecipeCell.swift */ = {isa = PBXFileReference; fileEncoding = 4; lastKnownFileType = sourcecode.swift; path = RecipeCell.swift; sourceTree = "<group>"; };
		043C5CFE2A2117AE001FDA04 /* RecipeCell.xib */ = {isa = PBXFileReference; fileEncoding = 4; lastKnownFileType = file.xib; path = RecipeCell.xib; sourceTree = "<group>"; };
		046B99222A21E08500DB407B /* DetailsTableViewCell.swift */ = {isa = PBXFileReference; lastKnownFileType = sourcecode.swift; path = DetailsTableViewCell.swift; sourceTree = "<group>"; };
		046B99232A21E08500DB407B /* DetailsTableViewCell.xib */ = {isa = PBXFileReference; lastKnownFileType = file.xib; path = DetailsTableViewCell.xib; sourceTree = "<group>"; };
		0E7592662A210253008231D6 /* Colors.xcassets */ = {isa = PBXFileReference; lastKnownFileType = folder.assetcatalog; path = Colors.xcassets; sourceTree = "<group>"; };
		0EC8E5CC2A211A4400A8EEB7 /* Observable.swift */ = {isa = PBXFileReference; lastKnownFileType = sourcecode.swift; path = Observable.swift; sourceTree = "<group>"; };
		0EC8E5CE2A211D3E00A8EEB7 /* VIewStructs.swift */ = {isa = PBXFileReference; lastKnownFileType = sourcecode.swift; path = VIewStructs.swift; sourceTree = "<group>"; };
		11B62E1BE9531C3D959DDC71 /* Pods-iOS workshop.release.xcconfig */ = {isa = PBXFileReference; includeInIndex = 1; lastKnownFileType = text.xcconfig; name = "Pods-iOS workshop.release.xcconfig"; path = "Target Support Files/Pods-iOS workshop/Pods-iOS workshop.release.xcconfig"; sourceTree = "<group>"; };
		3B936D3D4CBEDECAC3D713C0 /* Pods-iOS workshop.debug.xcconfig */ = {isa = PBXFileReference; includeInIndex = 1; lastKnownFileType = text.xcconfig; name = "Pods-iOS workshop.debug.xcconfig"; path = "Target Support Files/Pods-iOS workshop/Pods-iOS workshop.debug.xcconfig"; sourceTree = "<group>"; };
		760AE5F72A21E6A200BD6D36 /* Meal.xcdatamodel */ = {isa = PBXFileReference; lastKnownFileType = wrapper.xcdatamodel; path = Meal.xcdatamodel; sourceTree = "<group>"; };
		760AE5F92A21EE9C00BD6D36 /* DataBaseManger.swift */ = {isa = PBXFileReference; lastKnownFileType = sourcecode.swift; name = DataBaseManger.swift; path = "iOS workshop/DataBaseManger.swift"; sourceTree = SOURCE_ROOT; };
		760AE5FB2A2202FE00BD6D36 /* Constant.swift */ = {isa = PBXFileReference; lastKnownFileType = sourcecode.swift; path = Constant.swift; sourceTree = "<group>"; };
		762EA3852A20D022009730BB /* ViewController.swift */ = {isa = PBXFileReference; lastKnownFileType = sourcecode.swift; path = ViewController.swift; sourceTree = "<group>"; };
		762EA38C2A20E2B1009730BB /* FoodCategoriesCollectionViewCell.xib */ = {isa = PBXFileReference; fileEncoding = 4; lastKnownFileType = file.xib; path = FoodCategoriesCollectionViewCell.xib; sourceTree = "<group>"; };
		762EA38D2A20E2B1009730BB /* FoodCategoriesCollectionViewCell.swift */ = {isa = PBXFileReference; fileEncoding = 4; lastKnownFileType = sourcecode.swift; path = FoodCategoriesCollectionViewCell.swift; sourceTree = "<group>"; };
		762EA3942A20F05A009730BB /* FvaouritesViewModel.swift */ = {isa = PBXFileReference; fileEncoding = 4; lastKnownFileType = sourcecode.swift; path = FvaouritesViewModel.swift; sourceTree = "<group>"; };
		762EA3962A20F05A009730BB /* FavouritesViewController.xib */ = {isa = PBXFileReference; fileEncoding = 4; lastKnownFileType = file.xib; path = FavouritesViewController.xib; sourceTree = "<group>"; };
		762EA3972A20F05A009730BB /* FavouritesViewController.swift */ = {isa = PBXFileReference; fileEncoding = 4; lastKnownFileType = sourcecode.swift; path = FavouritesViewController.swift; sourceTree = "<group>"; };
		762EA39D2A20F05A009730BB /* HomeViewModel.swift */ = {isa = PBXFileReference; fileEncoding = 4; lastKnownFileType = sourcecode.swift; path = HomeViewModel.swift; sourceTree = "<group>"; };
		762EA39F2A20F05A009730BB /* HomeViewController.xib */ = {isa = PBXFileReference; fileEncoding = 4; lastKnownFileType = file.xib; path = HomeViewController.xib; sourceTree = "<group>"; };
		762EA3A02A20F05A009730BB /* HomeViewController.swift */ = {isa = PBXFileReference; fileEncoding = 4; lastKnownFileType = sourcecode.swift; path = HomeViewController.swift; sourceTree = "<group>"; };
		762EA3A22A20F05A009730BB /* HomeTabBar.swift */ = {isa = PBXFileReference; fileEncoding = 4; lastKnownFileType = sourcecode.swift; path = HomeTabBar.swift; sourceTree = "<group>"; };
		762EA3A32A20F05A009730BB /* HomeTabBar.xib */ = {isa = PBXFileReference; fileEncoding = 4; lastKnownFileType = file.xib; path = HomeTabBar.xib; sourceTree = "<group>"; };
		762EA3B02A211736009730BB /* Recipe.swift */ = {isa = PBXFileReference; fileEncoding = 4; lastKnownFileType = sourcecode.swift; name = Recipe.swift; path = "iOS workshop/Model/Recipe.swift"; sourceTree = SOURCE_ROOT; };
		762EA3B12A211736009730BB /* Categories.swift */ = {isa = PBXFileReference; fileEncoding = 4; lastKnownFileType = sourcecode.swift; name = Categories.swift; path = "iOS workshop/Model/Categories.swift"; sourceTree = SOURCE_ROOT; };
		762EA3B42A211767009730BB /* MealAPI.swift */ = {isa = PBXFileReference; fileEncoding = 4; lastKnownFileType = sourcecode.swift; name = MealAPI.swift; path = "iOS workshop/Model/MealAPI.swift"; sourceTree = SOURCE_ROOT; };
		765CFD8F2A1EB22100944D81 /* iOS workshop.app */ = {isa = PBXFileReference; explicitFileType = wrapper.application; includeInIndex = 0; path = "iOS workshop.app"; sourceTree = BUILT_PRODUCTS_DIR; };
		765CFD922A1EB22100944D81 /* AppDelegate.swift */ = {isa = PBXFileReference; lastKnownFileType = sourcecode.swift; path = AppDelegate.swift; sourceTree = "<group>"; };
		765CFD942A1EB22100944D81 /* SceneDelegate.swift */ = {isa = PBXFileReference; lastKnownFileType = sourcecode.swift; path = SceneDelegate.swift; sourceTree = "<group>"; };
		765CFD9B2A1EB22600944D81 /* Assets.xcassets */ = {isa = PBXFileReference; lastKnownFileType = folder.assetcatalog; path = Assets.xcassets; sourceTree = "<group>"; };
		765CFD9E2A1EB22600944D81 /* Base */ = {isa = PBXFileReference; lastKnownFileType = file.storyboard; name = Base; path = Base.lproj/LaunchScreen.storyboard; sourceTree = "<group>"; };
		765CFDA02A1EB22600944D81 /* Info.plist */ = {isa = PBXFileReference; lastKnownFileType = text.plist.xml; path = Info.plist; sourceTree = "<group>"; };
		7698C9272A22103900B928B1 /* DetailsViewModel.swift */ = {isa = PBXFileReference; lastKnownFileType = sourcecode.swift; path = DetailsViewModel.swift; sourceTree = "<group>"; };
		7698C9292A222F7A00B928B1 /* FoodApiProtocol.swift */ = {isa = PBXFileReference; lastKnownFileType = sourcecode.swift; name = FoodApiProtocol.swift; path = "iOS workshop/Screens/Details/ViewModle/FoodApiProtocol.swift"; sourceTree = SOURCE_ROOT; };
		76F06A4A2A20A48500144743 /* FoodCategoriesCollectionViewCell.xib */ = {isa = PBXFileReference; lastKnownFileType = file.xib; path = FoodCategoriesCollectionViewCell.xib; sourceTree = "<group>"; };
		A9F58BA2446C75D237727A3C /* Pods_iOS_workshop.framework */ = {isa = PBXFileReference; explicitFileType = wrapper.framework; includeInIndex = 0; path = Pods_iOS_workshop.framework; sourceTree = BUILT_PRODUCTS_DIR; };
/* End PBXFileReference section */

/* Begin PBXFrameworksBuildPhase section */
		765CFD8C2A1EB22100944D81 /* Frameworks */ = {
			isa = PBXFrameworksBuildPhase;
			buildActionMask = 2147483647;
			files = (
				984D004392E6451BECADC08E /* Pods_iOS_workshop.framework in Frameworks */,
			);
			runOnlyForDeploymentPostprocessing = 0;
		};
/* End PBXFrameworksBuildPhase section */

/* Begin PBXGroup section */
		043C5CFC2A2117AE001FDA04 /* RecipeCell */ = {
			isa = PBXGroup;
			children = (
				043C5CFD2A2117AE001FDA04 /* RecipeCell.swift */,
				043C5CFE2A2117AE001FDA04 /* RecipeCell.xib */,
			);
			path = RecipeCell;
			sourceTree = "<group>";
		};
		046B99212A21DF1C00DB407B /* Cell */ = {
			isa = PBXGroup;
			children = (
				046B99222A21E08500DB407B /* DetailsTableViewCell.swift */,
				046B99232A21E08500DB407B /* DetailsTableViewCell.xib */,
			);
			name = Cell;
			path = "ؤCell";
			sourceTree = "<group>";
		};
		0E39D9202A209FD10005E141 /* Screens */ = {
			isa = PBXGroup;
			children = (
				762EA3982A20F05A009730BB /* Details */,
				762EA3922A20F05A009730BB /* Favourites */,
				762EA39B2A20F05A009730BB /* Home */,
				762EA3A12A20F05A009730BB /* Tab */,
				762EA3882A20DA45009730BB /* Details */,
			);
			path = Screens;
			sourceTree = "<group>";
		};
		0E39D9262A20A0670005E141 /* Cells */ = {
			isa = PBXGroup;
			children = (
				043C5CFC2A2117AE001FDA04 /* RecipeCell */,
			);
			path = Cells;
			sourceTree = "<group>";
		};
		0E39D9272A20A0730005E141 /* Service */ = {
			isa = PBXGroup;
			children = (
				762EA3B42A211767009730BB /* MealAPI.swift */,
				760AE5F92A21EE9C00BD6D36 /* DataBaseManger.swift */,
				7698C9292A222F7A00B928B1 /* FoodApiProtocol.swift */,
			);
			path = Service;
			sourceTree = "<group>";
		};
		0EC8E5CB2A211A1A00A8EEB7 /* Classes */ = {
			isa = PBXGroup;
			children = (
				0EC8E5CC2A211A4400A8EEB7 /* Observable.swift */,
				0EC8E5CE2A211D3E00A8EEB7 /* VIewStructs.swift */,
				760AE5FB2A2202FE00BD6D36 /* Constant.swift */,
			);
			path = Classes;
			sourceTree = "<group>";
		};
		4BF7FEC625C7E2A66AAFE75D /* Pods */ = {
			isa = PBXGroup;
			children = (
				3B936D3D4CBEDECAC3D713C0 /* Pods-iOS workshop.debug.xcconfig */,
				11B62E1BE9531C3D959DDC71 /* Pods-iOS workshop.release.xcconfig */,
			);
			path = Pods;
			sourceTree = "<group>";
		};
		762EA3792A20C741009730BB /* Recovered References */ = {
			isa = PBXGroup;
			children = (
				76F06A4A2A20A48500144743 /* FoodCategoriesCollectionViewCell.xib */,
			);
			name = "Recovered References";
			sourceTree = "<group>";
		};
		762EA37F2A20C7EA009730BB /* Moble */ = {
			isa = PBXGroup;
			children = (
				762EA3B12A211736009730BB /* Categories.swift */,
				762EA3B02A211736009730BB /* Recipe.swift */,
			);
			path = Moble;
			sourceTree = "<group>";
		};
		762EA3822A20CDB2009730BB /* Custom View */ = {
			isa = PBXGroup;
			children = (
				0E39D9262A20A0670005E141 /* Cells */,
			);
			path = "Custom View";
			sourceTree = "<group>";
		};
		762EA3832A20CDEA009730BB /* Application */ = {
			isa = PBXGroup;
			children = (
				765CFD942A1EB22100944D81 /* SceneDelegate.swift */,
				765CFD922A1EB22100944D81 /* AppDelegate.swift */,
			);
			path = Application;
			sourceTree = "<group>";
		};
		762EA3842A20CE6F009730BB /* Resources */ = {
			isa = PBXGroup;
			children = (
				765CFD9D2A1EB22600944D81 /* LaunchScreen.storyboard */,
				765CFD9B2A1EB22600944D81 /* Assets.xcassets */,
				0E7592662A210253008231D6 /* Colors.xcassets */,
			);
			path = Resources;
			sourceTree = "<group>";
		};
		762EA3882A20DA45009730BB /* Details */ = {
			isa = PBXGroup;
			children = (
				046B99212A21DF1C00DB407B /* Cell */,
				762EA38A2A20DBB4009730BB /* ViewModle */,
				762EA3892A20DBAD009730BB /* View */,
			);
			path = Details;
			sourceTree = "<group>";
		};
		762EA3892A20DBAD009730BB /* View */ = {
			isa = PBXGroup;
			children = (
			);
			path = View;
			sourceTree = "<group>";
		};
		762EA38A2A20DBB4009730BB /* ViewModle */ = {
			isa = PBXGroup;
			children = (
			);
			path = ViewModle;
			sourceTree = "<group>";
		};
		762EA38B2A20E2B1009730BB /* Food Categories */ = {
			isa = PBXGroup;
			children = (
				762EA38C2A20E2B1009730BB /* FoodCategoriesCollectionViewCell.xib */,
				762EA38D2A20E2B1009730BB /* FoodCategoriesCollectionViewCell.swift */,
			);
			path = "Food Categories";
			sourceTree = "<group>";
		};
		762EA3922A20F05A009730BB /* Favourites */ = {
			isa = PBXGroup;
			children = (
				762EA3932A20F05A009730BB /* ViewModel */,
				762EA3952A20F05A009730BB /* View */,
			);
			path = Favourites;
			sourceTree = "<group>";
		};
		762EA3932A20F05A009730BB /* ViewModel */ = {
			isa = PBXGroup;
			children = (
				762EA3942A20F05A009730BB /* FvaouritesViewModel.swift */,
			);
			path = ViewModel;
			sourceTree = "<group>";
		};
		762EA3952A20F05A009730BB /* View */ = {
			isa = PBXGroup;
			children = (
				762EA3962A20F05A009730BB /* FavouritesViewController.xib */,
				762EA3972A20F05A009730BB /* FavouritesViewController.swift */,
			);
			path = View;
			sourceTree = "<group>";
		};
		762EA3982A20F05A009730BB /* Details */ = {
			isa = PBXGroup;
			children = (
				762EA3992A20F05A009730BB /* ViewModle */,
				762EA39A2A20F05A009730BB /* View */,
			);
			path = Details;
			sourceTree = "<group>";
		};
		762EA3992A20F05A009730BB /* ViewModle */ = {
			isa = PBXGroup;
			children = (
				7698C9272A22103900B928B1 /* DetailsViewModel.swift */,
			);
			path = ViewModle;
			sourceTree = "<group>";
		};
		762EA39A2A20F05A009730BB /* View */ = {
			isa = PBXGroup;
			children = (
			);
			path = View;
			sourceTree = "<group>";
		};
		762EA39B2A20F05A009730BB /* Home */ = {
			isa = PBXGroup;
			children = (
				762EA38B2A20E2B1009730BB /* Food Categories */,
				762EA39C2A20F05A009730BB /* ViewModel */,
				762EA39E2A20F05A009730BB /* View */,
			);
			path = Home;
			sourceTree = "<group>";
		};
		762EA39C2A20F05A009730BB /* ViewModel */ = {
			isa = PBXGroup;
			children = (
				762EA39D2A20F05A009730BB /* HomeViewModel.swift */,
			);
			path = ViewModel;
			sourceTree = "<group>";
		};
		762EA39E2A20F05A009730BB /* View */ = {
			isa = PBXGroup;
			children = (
				762EA39F2A20F05A009730BB /* HomeViewController.xib */,
				762EA3A02A20F05A009730BB /* HomeViewController.swift */,
			);
			path = View;
			sourceTree = "<group>";
		};
		762EA3A12A20F05A009730BB /* Tab */ = {
			isa = PBXGroup;
			children = (
				762EA3A22A20F05A009730BB /* HomeTabBar.swift */,
				762EA3A32A20F05A009730BB /* HomeTabBar.xib */,
			);
			path = Tab;
			sourceTree = "<group>";
		};
		765CFD862A1EB22100944D81 = {
			isa = PBXGroup;
			children = (
				765CFD912A1EB22100944D81 /* iOS workshop */,
				765CFD902A1EB22100944D81 /* Products */,
				4BF7FEC625C7E2A66AAFE75D /* Pods */,
				79B2136F0E8277BC3168D938 /* Frameworks */,
				762EA3792A20C741009730BB /* Recovered References */,
			);
			sourceTree = "<group>";
		};
		765CFD902A1EB22100944D81 /* Products */ = {
			isa = PBXGroup;
			children = (
				765CFD8F2A1EB22100944D81 /* iOS workshop.app */,
			);
			name = Products;
			sourceTree = "<group>";
		};
		765CFD912A1EB22100944D81 /* iOS workshop */ = {
			isa = PBXGroup;
			children = (
				0EC8E5CB2A211A1A00A8EEB7 /* Classes */,
				762EA3842A20CE6F009730BB /* Resources */,
				762EA3832A20CDEA009730BB /* Application */,
				762EA3822A20CDB2009730BB /* Custom View */,
				762EA37F2A20C7EA009730BB /* Moble */,
				0E39D9272A20A0730005E141 /* Service */,
				0E39D9202A209FD10005E141 /* Screens */,
				765CFDA02A1EB22600944D81 /* Info.plist */,
				762EA3852A20D022009730BB /* ViewController.swift */,
				760AE5F62A21E6A200BD6D36 /* Meal.xcdatamodeld */,
			);
			path = "iOS workshop";
			sourceTree = "<group>";
		};
		79B2136F0E8277BC3168D938 /* Frameworks */ = {
			isa = PBXGroup;
			children = (
				A9F58BA2446C75D237727A3C /* Pods_iOS_workshop.framework */,
			);
			name = Frameworks;
			sourceTree = "<group>";
		};
/* End PBXGroup section */

/* Begin PBXNativeTarget section */
		765CFD8E2A1EB22100944D81 /* iOS workshop */ = {
			isa = PBXNativeTarget;
			buildConfigurationList = 765CFDA32A1EB22600944D81 /* Build configuration list for PBXNativeTarget "iOS workshop" */;
			buildPhases = (
				2E02A0A8E2759E3299EDBA7A /* [CP] Check Pods Manifest.lock */,
				765CFD8B2A1EB22100944D81 /* Sources */,
				765CFD8C2A1EB22100944D81 /* Frameworks */,
				765CFD8D2A1EB22100944D81 /* Resources */,
				7891D0524B9DC58755978DDA /* [CP] Embed Pods Frameworks */,
			);
			buildRules = (
			);
			dependencies = (
			);
			name = "iOS workshop";
			productName = "iOS workshop";
			productReference = 765CFD8F2A1EB22100944D81 /* iOS workshop.app */;
			productType = "com.apple.product-type.application";
		};
/* End PBXNativeTarget section */

/* Begin PBXProject section */
		765CFD872A1EB22100944D81 /* Project object */ = {
			isa = PBXProject;
			attributes = {
				BuildIndependentTargetsInParallel = 1;
				LastSwiftUpdateCheck = 1330;
				LastUpgradeCheck = 1330;
				TargetAttributes = {
					765CFD8E2A1EB22100944D81 = {
						CreatedOnToolsVersion = 13.3.1;
					};
				};
			};
			buildConfigurationList = 765CFD8A2A1EB22100944D81 /* Build configuration list for PBXProject "iOS workshop" */;
			compatibilityVersion = "Xcode 13.0";
			developmentRegion = en;
			hasScannedForEncodings = 0;
			knownRegions = (
				en,
				Base,
			);
			mainGroup = 765CFD862A1EB22100944D81;
			productRefGroup = 765CFD902A1EB22100944D81 /* Products */;
			projectDirPath = "";
			projectRoot = "";
			targets = (
				765CFD8E2A1EB22100944D81 /* iOS workshop */,
			);
		};
/* End PBXProject section */

/* Begin PBXResourcesBuildPhase section */
		765CFD8D2A1EB22100944D81 /* Resources */ = {
			isa = PBXResourcesBuildPhase;
			buildActionMask = 2147483647;
			files = (
				765CFD9F2A1EB22600944D81 /* LaunchScreen.storyboard in Resources */,
				762EA3A52A20F05A009730BB /* FavouritesViewController.xib in Resources */,
				765CFD9C2A1EB22600944D81 /* Assets.xcassets in Resources */,
				762EA38E2A20E2B1009730BB /* FoodCategoriesCollectionViewCell.xib in Resources */,
				0E7592672A210253008231D6 /* Colors.xcassets in Resources */,
				046B99252A21E08500DB407B /* DetailsTableViewCell.xib in Resources */,
				762EA3AB2A20F05A009730BB /* HomeTabBar.xib in Resources */,
				762EA3A82A20F05A009730BB /* HomeViewController.xib in Resources */,
				043C5D002A2117AE001FDA04 /* RecipeCell.xib in Resources */,
			);
			runOnlyForDeploymentPostprocessing = 0;
		};
/* End PBXResourcesBuildPhase section */

/* Begin PBXShellScriptBuildPhase section */
		2E02A0A8E2759E3299EDBA7A /* [CP] Check Pods Manifest.lock */ = {
			isa = PBXShellScriptBuildPhase;
			buildActionMask = 2147483647;
			files = (
			);
			inputFileListPaths = (
			);
			inputPaths = (
				"${PODS_PODFILE_DIR_PATH}/Podfile.lock",
				"${PODS_ROOT}/Manifest.lock",
			);
			name = "[CP] Check Pods Manifest.lock";
			outputFileListPaths = (
			);
			outputPaths = (
				"$(DERIVED_FILE_DIR)/Pods-iOS workshop-checkManifestLockResult.txt",
			);
			runOnlyForDeploymentPostprocessing = 0;
			shellPath = /bin/sh;
			shellScript = "diff \"${PODS_PODFILE_DIR_PATH}/Podfile.lock\" \"${PODS_ROOT}/Manifest.lock\" > /dev/null\nif [ $? != 0 ] ; then\n    # print error to STDERR\n    echo \"error: The sandbox is not in sync with the Podfile.lock. Run 'pod install' or update your CocoaPods installation.\" >&2\n    exit 1\nfi\n# This output is used by Xcode 'outputs' to avoid re-running this script phase.\necho \"SUCCESS\" > \"${SCRIPT_OUTPUT_FILE_0}\"\n";
			showEnvVarsInLog = 0;
		};
		7891D0524B9DC58755978DDA /* [CP] Embed Pods Frameworks */ = {
			isa = PBXShellScriptBuildPhase;
			buildActionMask = 2147483647;
			files = (
			);
			inputFileListPaths = (
				"${PODS_ROOT}/Target Support Files/Pods-iOS workshop/Pods-iOS workshop-frameworks-${CONFIGURATION}-input-files.xcfilelist",
			);
			name = "[CP] Embed Pods Frameworks";
			outputFileListPaths = (
				"${PODS_ROOT}/Target Support Files/Pods-iOS workshop/Pods-iOS workshop-frameworks-${CONFIGURATION}-output-files.xcfilelist",
			);
			runOnlyForDeploymentPostprocessing = 0;
			shellPath = /bin/sh;
			shellScript = "\"${PODS_ROOT}/Target Support Files/Pods-iOS workshop/Pods-iOS workshop-frameworks.sh\"\n";
			showEnvVarsInLog = 0;
		};
/* End PBXShellScriptBuildPhase section */

/* Begin PBXSourcesBuildPhase section */
		765CFD8B2A1EB22100944D81 /* Sources */ = {
			isa = PBXSourcesBuildPhase;
			buildActionMask = 2147483647;
			files = (
				0EC8E5CD2A211A4400A8EEB7 /* Observable.swift in Sources */,
				0EC8E5CF2A211D3E00A8EEB7 /* VIewStructs.swift in Sources */,
				762EA3A62A20F05A009730BB /* FavouritesViewController.swift in Sources */,
				762EA3B52A211767009730BB /* MealAPI.swift in Sources */,
				762EA3B32A211736009730BB /* Categories.swift in Sources */,
				762EA3A72A20F05A009730BB /* HomeViewModel.swift in Sources */,
				762EA38F2A20E2B1009730BB /* FoodCategoriesCollectionViewCell.swift in Sources */,
				7698C9282A22103A00B928B1 /* DetailsViewModel.swift in Sources */,
				762EA3A42A20F05A009730BB /* FvaouritesViewModel.swift in Sources */,
				760AE5FC2A2202FE00BD6D36 /* Constant.swift in Sources */,
				760AE5F82A21E6A200BD6D36 /* Meal.xcdatamodeld in Sources */,
				762EA3862A20D022009730BB /* ViewController.swift in Sources */,
				760AE5FA2A21EE9C00BD6D36 /* DataBaseManger.swift in Sources */,
				7698C92A2A222F7A00B928B1 /* FoodApiProtocol.swift in Sources */,
				762EA3AA2A20F05A009730BB /* HomeTabBar.swift in Sources */,
				043C5CFF2A2117AE001FDA04 /* RecipeCell.swift in Sources */,
				762EA3A92A20F05A009730BB /* HomeViewController.swift in Sources */,
				765CFD932A1EB22100944D81 /* AppDelegate.swift in Sources */,
				765CFD952A1EB22100944D81 /* SceneDelegate.swift in Sources */,
				046B99242A21E08500DB407B /* DetailsTableViewCell.swift in Sources */,
				762EA3B22A211736009730BB /* Recipe.swift in Sources */,
			);
			runOnlyForDeploymentPostprocessing = 0;
		};
/* End PBXSourcesBuildPhase section */

/* Begin PBXVariantGroup section */
		765CFD9D2A1EB22600944D81 /* LaunchScreen.storyboard */ = {
			isa = PBXVariantGroup;
			children = (
				765CFD9E2A1EB22600944D81 /* Base */,
			);
			name = LaunchScreen.storyboard;
			sourceTree = "<group>";
		};
/* End PBXVariantGroup section */

/* Begin XCBuildConfiguration section */
		765CFDA12A1EB22600944D81 /* Debug */ = {
			isa = XCBuildConfiguration;
			buildSettings = {
				ALWAYS_SEARCH_USER_PATHS = NO;
				CLANG_ANALYZER_NONNULL = YES;
				CLANG_ANALYZER_NUMBER_OBJECT_CONVERSION = YES_AGGRESSIVE;
				CLANG_CXX_LANGUAGE_STANDARD = "gnu++17";
				CLANG_ENABLE_MODULES = YES;
				CLANG_ENABLE_OBJC_ARC = YES;
				CLANG_ENABLE_OBJC_WEAK = YES;
				CLANG_WARN_BLOCK_CAPTURE_AUTORELEASING = YES;
				CLANG_WARN_BOOL_CONVERSION = YES;
				CLANG_WARN_COMMA = YES;
				CLANG_WARN_CONSTANT_CONVERSION = YES;
				CLANG_WARN_DEPRECATED_OBJC_IMPLEMENTATIONS = YES;
				CLANG_WARN_DIRECT_OBJC_ISA_USAGE = YES_ERROR;
				CLANG_WARN_DOCUMENTATION_COMMENTS = YES;
				CLANG_WARN_EMPTY_BODY = YES;
				CLANG_WARN_ENUM_CONVERSION = YES;
				CLANG_WARN_INFINITE_RECURSION = YES;
				CLANG_WARN_INT_CONVERSION = YES;
				CLANG_WARN_NON_LITERAL_NULL_CONVERSION = YES;
				CLANG_WARN_OBJC_IMPLICIT_RETAIN_SELF = YES;
				CLANG_WARN_OBJC_LITERAL_CONVERSION = YES;
				CLANG_WARN_OBJC_ROOT_CLASS = YES_ERROR;
				CLANG_WARN_QUOTED_INCLUDE_IN_FRAMEWORK_HEADER = YES;
				CLANG_WARN_RANGE_LOOP_ANALYSIS = YES;
				CLANG_WARN_STRICT_PROTOTYPES = YES;
				CLANG_WARN_SUSPICIOUS_MOVE = YES;
				CLANG_WARN_UNGUARDED_AVAILABILITY = YES_AGGRESSIVE;
				CLANG_WARN_UNREACHABLE_CODE = YES;
				CLANG_WARN__DUPLICATE_METHOD_MATCH = YES;
				COPY_PHASE_STRIP = NO;
				DEBUG_INFORMATION_FORMAT = dwarf;
				ENABLE_STRICT_OBJC_MSGSEND = YES;
				ENABLE_TESTABILITY = YES;
				GCC_C_LANGUAGE_STANDARD = gnu11;
				GCC_DYNAMIC_NO_PIC = NO;
				GCC_NO_COMMON_BLOCKS = YES;
				GCC_OPTIMIZATION_LEVEL = 0;
				GCC_PREPROCESSOR_DEFINITIONS = (
					"DEBUG=1",
					"$(inherited)",
				);
				GCC_WARN_64_TO_32_BIT_CONVERSION = YES;
				GCC_WARN_ABOUT_RETURN_TYPE = YES_ERROR;
				GCC_WARN_UNDECLARED_SELECTOR = YES;
				GCC_WARN_UNINITIALIZED_AUTOS = YES_AGGRESSIVE;
				GCC_WARN_UNUSED_FUNCTION = YES;
				GCC_WARN_UNUSED_VARIABLE = YES;
				IPHONEOS_DEPLOYMENT_TARGET = 15.4;
				MTL_ENABLE_DEBUG_INFO = INCLUDE_SOURCE;
				MTL_FAST_MATH = YES;
				ONLY_ACTIVE_ARCH = YES;
				SDKROOT = iphoneos;
				SWIFT_ACTIVE_COMPILATION_CONDITIONS = DEBUG;
				SWIFT_OPTIMIZATION_LEVEL = "-Onone";
			};
			name = Debug;
		};
		765CFDA22A1EB22600944D81 /* Release */ = {
			isa = XCBuildConfiguration;
			buildSettings = {
				ALWAYS_SEARCH_USER_PATHS = NO;
				CLANG_ANALYZER_NONNULL = YES;
				CLANG_ANALYZER_NUMBER_OBJECT_CONVERSION = YES_AGGRESSIVE;
				CLANG_CXX_LANGUAGE_STANDARD = "gnu++17";
				CLANG_ENABLE_MODULES = YES;
				CLANG_ENABLE_OBJC_ARC = YES;
				CLANG_ENABLE_OBJC_WEAK = YES;
				CLANG_WARN_BLOCK_CAPTURE_AUTORELEASING = YES;
				CLANG_WARN_BOOL_CONVERSION = YES;
				CLANG_WARN_COMMA = YES;
				CLANG_WARN_CONSTANT_CONVERSION = YES;
				CLANG_WARN_DEPRECATED_OBJC_IMPLEMENTATIONS = YES;
				CLANG_WARN_DIRECT_OBJC_ISA_USAGE = YES_ERROR;
				CLANG_WARN_DOCUMENTATION_COMMENTS = YES;
				CLANG_WARN_EMPTY_BODY = YES;
				CLANG_WARN_ENUM_CONVERSION = YES;
				CLANG_WARN_INFINITE_RECURSION = YES;
				CLANG_WARN_INT_CONVERSION = YES;
				CLANG_WARN_NON_LITERAL_NULL_CONVERSION = YES;
				CLANG_WARN_OBJC_IMPLICIT_RETAIN_SELF = YES;
				CLANG_WARN_OBJC_LITERAL_CONVERSION = YES;
				CLANG_WARN_OBJC_ROOT_CLASS = YES_ERROR;
				CLANG_WARN_QUOTED_INCLUDE_IN_FRAMEWORK_HEADER = YES;
				CLANG_WARN_RANGE_LOOP_ANALYSIS = YES;
				CLANG_WARN_STRICT_PROTOTYPES = YES;
				CLANG_WARN_SUSPICIOUS_MOVE = YES;
				CLANG_WARN_UNGUARDED_AVAILABILITY = YES_AGGRESSIVE;
				CLANG_WARN_UNREACHABLE_CODE = YES;
				CLANG_WARN__DUPLICATE_METHOD_MATCH = YES;
				COPY_PHASE_STRIP = NO;
				DEBUG_INFORMATION_FORMAT = "dwarf-with-dsym";
				ENABLE_NS_ASSERTIONS = NO;
				ENABLE_STRICT_OBJC_MSGSEND = YES;
				GCC_C_LANGUAGE_STANDARD = gnu11;
				GCC_NO_COMMON_BLOCKS = YES;
				GCC_WARN_64_TO_32_BIT_CONVERSION = YES;
				GCC_WARN_ABOUT_RETURN_TYPE = YES_ERROR;
				GCC_WARN_UNDECLARED_SELECTOR = YES;
				GCC_WARN_UNINITIALIZED_AUTOS = YES_AGGRESSIVE;
				GCC_WARN_UNUSED_FUNCTION = YES;
				GCC_WARN_UNUSED_VARIABLE = YES;
				IPHONEOS_DEPLOYMENT_TARGET = 15.4;
				MTL_ENABLE_DEBUG_INFO = NO;
				MTL_FAST_MATH = YES;
				SDKROOT = iphoneos;
				SWIFT_COMPILATION_MODE = wholemodule;
				SWIFT_OPTIMIZATION_LEVEL = "-O";
				VALIDATE_PRODUCT = YES;
			};
			name = Release;
		};
		765CFDA42A1EB22600944D81 /* Debug */ = {
			isa = XCBuildConfiguration;
			baseConfigurationReference = 3B936D3D4CBEDECAC3D713C0 /* Pods-iOS workshop.debug.xcconfig */;
			buildSettings = {
				ASSETCATALOG_COMPILER_APPICON_NAME = AppIcon;
				ASSETCATALOG_COMPILER_GLOBAL_ACCENT_COLOR_NAME = AccentColor;
				ASSETCATALOG_COMPILER_INCLUDE_ALL_APPICON_ASSETS = YES;
				CODE_SIGN_STYLE = Automatic;
				CURRENT_PROJECT_VERSION = 1;
				GENERATE_INFOPLIST_FILE = YES;
				INFOPLIST_FILE = "iOS workshop/Info.plist";
				INFOPLIST_KEY_UIApplicationSupportsIndirectInputEvents = YES;
				INFOPLIST_KEY_UILaunchStoryboardName = LaunchScreen.storyboard;
				INFOPLIST_KEY_UIMainStoryboardFile = LaunchScreen;
				INFOPLIST_KEY_UISupportedInterfaceOrientations_iPad = "UIInterfaceOrientationPortrait UIInterfaceOrientationPortraitUpsideDown UIInterfaceOrientationLandscapeLeft UIInterfaceOrientationLandscapeRight";
				INFOPLIST_KEY_UISupportedInterfaceOrientations_iPhone = "UIInterfaceOrientationPortrait UIInterfaceOrientationLandscapeLeft UIInterfaceOrientationLandscapeRight";
				LD_RUNPATH_SEARCH_PATHS = (
					"$(inherited)",
					"@executable_path/Frameworks",
				);
				MARKETING_VERSION = 1.0;
				PRODUCT_BUNDLE_IDENTIFIER = "ahmed.iOS-workshop";
				PRODUCT_NAME = "$(TARGET_NAME)";
				SWIFT_EMIT_LOC_STRINGS = YES;
				SWIFT_VERSION = 5.0;
				TARGETED_DEVICE_FAMILY = "1,2";
			};
			name = Debug;
		};
		765CFDA52A1EB22600944D81 /* Release */ = {
			isa = XCBuildConfiguration;
			baseConfigurationReference = 11B62E1BE9531C3D959DDC71 /* Pods-iOS workshop.release.xcconfig */;
			buildSettings = {
				ASSETCATALOG_COMPILER_APPICON_NAME = AppIcon;
				ASSETCATALOG_COMPILER_GLOBAL_ACCENT_COLOR_NAME = AccentColor;
				ASSETCATALOG_COMPILER_INCLUDE_ALL_APPICON_ASSETS = YES;
				CODE_SIGN_STYLE = Automatic;
				CURRENT_PROJECT_VERSION = 1;
				GENERATE_INFOPLIST_FILE = YES;
				INFOPLIST_FILE = "iOS workshop/Info.plist";
				INFOPLIST_KEY_UIApplicationSupportsIndirectInputEvents = YES;
				INFOPLIST_KEY_UILaunchStoryboardName = LaunchScreen.storyboard;
				INFOPLIST_KEY_UIMainStoryboardFile = LaunchScreen;
				INFOPLIST_KEY_UISupportedInterfaceOrientations_iPad = "UIInterfaceOrientationPortrait UIInterfaceOrientationPortraitUpsideDown UIInterfaceOrientationLandscapeLeft UIInterfaceOrientationLandscapeRight";
				INFOPLIST_KEY_UISupportedInterfaceOrientations_iPhone = "UIInterfaceOrientationPortrait UIInterfaceOrientationLandscapeLeft UIInterfaceOrientationLandscapeRight";
				LD_RUNPATH_SEARCH_PATHS = (
					"$(inherited)",
					"@executable_path/Frameworks",
				);
				MARKETING_VERSION = 1.0;
				PRODUCT_BUNDLE_IDENTIFIER = "ahmed.iOS-workshop";
				PRODUCT_NAME = "$(TARGET_NAME)";
				SWIFT_EMIT_LOC_STRINGS = YES;
				SWIFT_VERSION = 5.0;
				TARGETED_DEVICE_FAMILY = "1,2";
			};
			name = Release;
		};
/* End XCBuildConfiguration section */

/* Begin XCConfigurationList section */
		765CFD8A2A1EB22100944D81 /* Build configuration list for PBXProject "iOS workshop" */ = {
			isa = XCConfigurationList;
			buildConfigurations = (
				765CFDA12A1EB22600944D81 /* Debug */,
				765CFDA22A1EB22600944D81 /* Release */,
			);
			defaultConfigurationIsVisible = 0;
			defaultConfigurationName = Release;
		};
		765CFDA32A1EB22600944D81 /* Build configuration list for PBXNativeTarget "iOS workshop" */ = {
			isa = XCConfigurationList;
			buildConfigurations = (
				765CFDA42A1EB22600944D81 /* Debug */,
				765CFDA52A1EB22600944D81 /* Release */,
			);
			defaultConfigurationIsVisible = 0;
			defaultConfigurationName = Release;
		};
/* End XCConfigurationList section */

/* Begin XCVersionGroup section */
		760AE5F62A21E6A200BD6D36 /* Meal.xcdatamodeld */ = {
			isa = XCVersionGroup;
			children = (
				760AE5F72A21E6A200BD6D36 /* Meal.xcdatamodel */,
			);
			currentVersion = 760AE5F72A21E6A200BD6D36 /* Meal.xcdatamodel */;
			path = Meal.xcdatamodeld;
			sourceTree = "<group>";
			versionGroupType = wrapper.xcdatamodel;
		};
/* End XCVersionGroup section */
	};
	rootObject = 765CFD872A1EB22100944D81 /* Project object */;
}
